
Microsoft Visual Studio Solution File, Format Version 12.00
# Visual Studio Version 16
VisualStudioVersion = 16.0.29020.237
MinimumVisualStudioVersion = 10.0.40219.1
Project("{FAE04EC0-301F-11D3-BF4B-00C04F79EFBC}") = "DiceRacer", "DiceRacer.csproj", "{45F22874-9293-42E4-8D63-7FA8090C33AB}"
EndProject
Global
	GlobalSection(SolutionConfigurationPlatforms) = preSolution
		Debug|Any CPU = Debug|Any CPU
		Release|Any CPU = Release|Any CPU
	EndGlobalSection
	GlobalSection(ProjectConfigurationPlatforms) = postSolution
		{45F22874-9293-42E4-8D63-7FA8090C33AB}.Debug|Any CPU.ActiveCfg = Debug|Any CPU
		{45F22874-9293-42E4-8D63-7FA8090C33AB}.Debug|Any CPU.Build.0 = Debug|Any CPU
		{45F22874-9293-42E4-8D63-7FA8090C33AB}.Release|Any CPU.ActiveCfg = Release|Any CPU
		{45F22874-9293-42E4-8D63-7FA8090C33AB}.Release|Any CPU.Build.0 = Release|Any CPU
	EndGlobalSection
	GlobalSection(SolutionProperties) = preSolution
		HideSolutionNode = FALSE
	EndGlobalSection
	GlobalSection(ExtensibilityGlobals) = postSolution
		SolutionGuid = {A0B16CA5-9392-4B72-A1EE-2BE1A7CB72AE}
	EndGlobalSection
EndGlobal
